
Microsoft Visual Studio Solution File, Format Version 12.00
# Visual Studio 15
VisualStudioVersion = 15.0.26430.16
MinimumVisualStudioVersion = 10.0.40219.1
Project("{FAE04EC0-301F-11D3-BF4B-00C04F79EFBC}") = "BowlingGameKata", "BowlingGameKata\BowlingGameKata.csproj", "{67EA4650-ABF9-470F-88F0-F26CE9FA6A6B}"
EndProject
Project("{FAE04EC0-301F-11D3-BF4B-00C04F79EFBC}") = "BowlingGameKata.Test", "BowlingGameKata.Test\BowlingGameKata.Test.csproj", "{3F60B11E-99CF-4986-95CF-86C628BC9885}"
EndProject
Global
	GlobalSection(SolutionConfigurationPlatforms) = preSolution
		Debug|Any CPU = Debug|Any CPU
		Release|Any CPU = Release|Any CPU
	EndGlobalSection
	GlobalSection(ProjectConfigurationPlatforms) = postSolution
		{67EA4650-ABF9-470F-88F0-F26CE9FA6A6B}.Debug|Any CPU.ActiveCfg = Debug|Any CPU
		{67EA4650-ABF9-470F-88F0-F26CE9FA6A6B}.Debug|Any CPU.Build.0 = Debug|Any CPU
		{67EA4650-ABF9-470F-88F0-F26CE9FA6A6B}.Release|Any CPU.ActiveCfg = Release|Any CPU
		{67EA4650-ABF9-470F-88F0-F26CE9FA6A6B}.Release|Any CPU.Build.0 = Release|Any CPU
		{3F60B11E-99CF-4986-95CF-86C628BC9885}.Debug|Any CPU.ActiveCfg = Debug|Any CPU
		{3F60B11E-99CF-4986-95CF-86C628BC9885}.Debug|Any CPU.Build.0 = Debug|Any CPU
		{3F60B11E-99CF-4986-95CF-86C628BC9885}.Release|Any CPU.ActiveCfg = Release|Any CPU
		{3F60B11E-99CF-4986-95CF-86C628BC9885}.Release|Any CPU.Build.0 = Release|Any CPU
	EndGlobalSection
	GlobalSection(SolutionProperties) = preSolution
		HideSolutionNode = FALSE
	EndGlobalSection
EndGlobal
